
Microsoft Visual Studio Solution File, Format Version 12.00
# Visual Studio Version 17
VisualStudioVersion = 17.6.33829.357
MinimumVisualStudioVersion = 10.0.40219.1
Project("{FAE04EC0-301F-11D3-BF4B-00C04F79EFBC}") = "hesapMakinesi", "hesapMakinesi\hesapMakinesi.csproj", "{885C6DF0-F8EF-44C8-AAB9-2C8D260AD484}"
EndProject
Global
	GlobalSection(SolutionConfigurationPlatforms) = preSolution
		Debug|Any CPU = Debug|Any CPU
		Release|Any CPU = Release|Any CPU
	EndGlobalSection
	GlobalSection(ProjectConfigurationPlatforms) = postSolution
		{885C6DF0-F8EF-44C8-AAB9-2C8D260AD484}.Debug|Any CPU.ActiveCfg = Debug|Any CPU
		{885C6DF0-F8EF-44C8-AAB9-2C8D260AD484}.Debug|Any CPU.Build.0 = Debug|Any CPU
		{885C6DF0-F8EF-44C8-AAB9-2C8D260AD484}.Release|Any CPU.ActiveCfg = Release|Any CPU
		{885C6DF0-F8EF-44C8-AAB9-2C8D260AD484}.Release|Any CPU.Build.0 = Release|Any CPU
	EndGlobalSection
	GlobalSection(SolutionProperties) = preSolution
		HideSolutionNode = FALSE
	EndGlobalSection
	GlobalSection(ExtensibilityGlobals) = postSolution
		SolutionGuid = {4D4A09D3-F52C-4A61-881B-0EF09546E88D}
	EndGlobalSection
EndGlobal
